
Microsoft Visual Studio Solution File, Format Version 12.00
# Visual Studio Version 16
VisualStudioVersion = 16.0.30803.129
MinimumVisualStudioVersion = 10.0.40219.1
Project("{FAE04EC0-301F-11D3-BF4B-00C04F79EFBC}") = "Checkers.Server", "Checkers\Server\Checkers.Server.csproj", "{4F721297-4EB5-4006-B25E-8EC6F1CEED3F}"
EndProject
Project("{FAE04EC0-301F-11D3-BF4B-00C04F79EFBC}") = "Checkers.Client", "Checkers\Client\Checkers.Client.csproj", "{C34A9CA4-0FE6-4742-BC8D-6F3F096930E2}"
EndProject
Project("{FAE04EC0-301F-11D3-BF4B-00C04F79EFBC}") = "Checkers.Shared", "Checkers\Shared\Checkers.Shared.csproj", "{2EC0B9B7-03DB-46AB-856E-0659E8B8CEAE}"
EndProject
Global
	GlobalSection(SolutionConfigurationPlatforms) = preSolution
		Debug|Any CPU = Debug|Any CPU
		Release|Any CPU = Release|Any CPU
	EndGlobalSection
	GlobalSection(ProjectConfigurationPlatforms) = postSolution
		{4F721297-4EB5-4006-B25E-8EC6F1CEED3F}.Debug|Any CPU.ActiveCfg = Debug|Any CPU
		{4F721297-4EB5-4006-B25E-8EC6F1CEED3F}.Debug|Any CPU.Build.0 = Debug|Any CPU
		{4F721297-4EB5-4006-B25E-8EC6F1CEED3F}.Release|Any CPU.ActiveCfg = Release|Any CPU
		{4F721297-4EB5-4006-B25E-8EC6F1CEED3F}.Release|Any CPU.Build.0 = Release|Any CPU
		{C34A9CA4-0FE6-4742-BC8D-6F3F096930E2}.Debug|Any CPU.ActiveCfg = Debug|Any CPU
		{C34A9CA4-0FE6-4742-BC8D-6F3F096930E2}.Debug|Any CPU.Build.0 = Debug|Any CPU
		{C34A9CA4-0FE6-4742-BC8D-6F3F096930E2}.Release|Any CPU.ActiveCfg = Release|Any CPU
		{C34A9CA4-0FE6-4742-BC8D-6F3F096930E2}.Release|Any CPU.Build.0 = Release|Any CPU
		{2EC0B9B7-03DB-46AB-856E-0659E8B8CEAE}.Debug|Any CPU.ActiveCfg = Debug|Any CPU
		{2EC0B9B7-03DB-46AB-856E-0659E8B8CEAE}.Debug|Any CPU.Build.0 = Debug|Any CPU
		{2EC0B9B7-03DB-46AB-856E-0659E8B8CEAE}.Release|Any CPU.ActiveCfg = Release|Any CPU
		{2EC0B9B7-03DB-46AB-856E-0659E8B8CEAE}.Release|Any CPU.Build.0 = Release|Any CPU
	EndGlobalSection
	GlobalSection(SolutionProperties) = preSolution
		HideSolutionNode = FALSE
	EndGlobalSection
	GlobalSection(ExtensibilityGlobals) = postSolution
		SolutionGuid = {F9957992-FED5-4661-9920-2F0372562420}
	EndGlobalSection
EndGlobal
